// !$*UTF8*$!
{
	archiveVersion = 1;
	classes = {
	};
	objectVersion = 46;
	objects = {

/* Begin PBXBuildFile section */
		23DC73CD1D0908CD00DC24F6 /* AppDelegate.swift in Sources */ = {isa = PBXBuildFile; fileRef = 23DC73CC1D0908CD00DC24F6 /* AppDelegate.swift */; };
		23DC73CF1D0908CD00DC24F6 /* ViewController.swift in Sources */ = {isa = PBXBuildFile; fileRef = 23DC73CE1D0908CD00DC24F6 /* ViewController.swift */; };
		23DC73D21D0908CD00DC24F6 /* Main.storyboard in Resources */ = {isa = PBXBuildFile; fileRef = 23DC73D01D0908CD00DC24F6 /* Main.storyboard */; };
		23DC73D41D0908CD00DC24F6 /* Assets.xcassets in Resources */ = {isa = PBXBuildFile; fileRef = 23DC73D31D0908CD00DC24F6 /* Assets.xcassets */; };
		23DC73D71D0908CD00DC24F6 /* LaunchScreen.storyboard in Resources */ = {isa = PBXBuildFile; fileRef = 23DC73D51D0908CD00DC24F6 /* LaunchScreen.storyboard */; };
		23DC73E21D090AAC00DC24F6 /* Event.swift in Sources */ = {isa = PBXBuildFile; fileRef = 23DC73E11D090AAC00DC24F6 /* Event.swift */; };
		23DC73E41D090AB700DC24F6 /* User.swift in Sources */ = {isa = PBXBuildFile; fileRef = 23DC73E31D090AB700DC24F6 /* User.swift */; };
		23DC73E61D090EAC00DC24F6 /* Category.swift in Sources */ = {isa = PBXBuildFile; fileRef = 23DC73E51D090EAC00DC24F6 /* Category.swift */; };
		23DC73E81D09111B00DC24F6 /* Time.swift in Sources */ = {isa = PBXBuildFile; fileRef = 23DC73E71D09111B00DC24F6 /* Time.swift */; };
		23DC73EA1D091AEE00DC24F6 /* UserProfileInfo.swift in Sources */ = {isa = PBXBuildFile; fileRef = 23DC73E91D091AEE00DC24F6 /* UserProfileInfo.swift */; };
		23DC73EC1D091B0900DC24F6 /* UserEventInfo.swift in Sources */ = {isa = PBXBuildFile; fileRef = 23DC73EB1D091B0900DC24F6 /* UserEventInfo.swift */; };
		23DC73EE1D091BE300DC24F6 /* UserLocationInfo.swift in Sources */ = {isa = PBXBuildFile; fileRef = 23DC73ED1D091BE300DC24F6 /* UserLocationInfo.swift */; };
		23DC73F01D091DC900DC24F6 /* UserAccountInfo.swift in Sources */ = {isa = PBXBuildFile; fileRef = 23DC73EF1D091DC900DC24F6 /* UserAccountInfo.swift */; };
		23DC73F21D091ECD00DC24F6 /* TimeType.swift in Sources */ = {isa = PBXBuildFile; fileRef = 23DC73F11D091ECD00DC24F6 /* TimeType.swift */; };
		23DC73F41D091EE900DC24F6 /* LocationMode.swift in Sources */ = {isa = PBXBuildFile; fileRef = 23DC73F31D091EE900DC24F6 /* LocationMode.swift */; };
		23DC73F61D091F0F00DC24F6 /* GenderType.swift in Sources */ = {isa = PBXBuildFile; fileRef = 23DC73F51D091F0F00DC24F6 /* GenderType.swift */; };
		23DC73F81D09214F00DC24F6 /* UserFriendList.swift in Sources */ = {isa = PBXBuildFile; fileRef = 23DC73F71D09214F00DC24F6 /* UserFriendList.swift */; };
		23DC73FC1D09231300DC24F6 /* UserSetting.swift in Sources */ = {isa = PBXBuildFile; fileRef = 23DC73FB1D09231300DC24F6 /* UserSetting.swift */; };
/* End PBXBuildFile section */

/* Begin PBXFileReference section */
		23DC73C91D0908CD00DC24F6 /* Quick9.app */ = {isa = PBXFileReference; explicitFileType = wrapper.application; includeInIndex = 0; path = Quick9.app; sourceTree = BUILT_PRODUCTS_DIR; };
		23DC73CC1D0908CD00DC24F6 /* AppDelegate.swift */ = {isa = PBXFileReference; lastKnownFileType = sourcecode.swift; path = AppDelegate.swift; sourceTree = "<group>"; };
		23DC73CE1D0908CD00DC24F6 /* ViewController.swift */ = {isa = PBXFileReference; lastKnownFileType = sourcecode.swift; path = ViewController.swift; sourceTree = "<group>"; };
		23DC73D11D0908CD00DC24F6 /* Base */ = {isa = PBXFileReference; lastKnownFileType = file.storyboard; name = Base; path = Base.lproj/Main.storyboard; sourceTree = "<group>"; };
		23DC73D31D0908CD00DC24F6 /* Assets.xcassets */ = {isa = PBXFileReference; lastKnownFileType = folder.assetcatalog; path = Assets.xcassets; sourceTree = "<group>"; };
		23DC73D61D0908CD00DC24F6 /* Base */ = {isa = PBXFileReference; lastKnownFileType = file.storyboard; name = Base; path = Base.lproj/LaunchScreen.storyboard; sourceTree = "<group>"; };
		23DC73D81D0908CD00DC24F6 /* Info.plist */ = {isa = PBXFileReference; lastKnownFileType = text.plist.xml; path = Info.plist; sourceTree = "<group>"; };
		23DC73E11D090AAC00DC24F6 /* Event.swift */ = {isa = PBXFileReference; fileEncoding = 4; lastKnownFileType = sourcecode.swift; path = Event.swift; sourceTree = "<group>"; };
		23DC73E31D090AB700DC24F6 /* User.swift */ = {isa = PBXFileReference; fileEncoding = 4; lastKnownFileType = sourcecode.swift; path = User.swift; sourceTree = "<group>"; };
		23DC73E51D090EAC00DC24F6 /* Category.swift */ = {isa = PBXFileReference; fileEncoding = 4; lastKnownFileType = sourcecode.swift; path = Category.swift; sourceTree = "<group>"; };
		23DC73E71D09111B00DC24F6 /* Time.swift */ = {isa = PBXFileReference; fileEncoding = 4; lastKnownFileType = sourcecode.swift; path = Time.swift; sourceTree = "<group>"; };
		23DC73E91D091AEE00DC24F6 /* UserProfileInfo.swift */ = {isa = PBXFileReference; fileEncoding = 4; lastKnownFileType = sourcecode.swift; path = UserProfileInfo.swift; sourceTree = "<group>"; };
		23DC73EB1D091B0900DC24F6 /* UserEventInfo.swift */ = {isa = PBXFileReference; fileEncoding = 4; lastKnownFileType = sourcecode.swift; path = UserEventInfo.swift; sourceTree = "<group>"; };
		23DC73ED1D091BE300DC24F6 /* UserLocationInfo.swift */ = {isa = PBXFileReference; fileEncoding = 4; lastKnownFileType = sourcecode.swift; path = UserLocationInfo.swift; sourceTree = "<group>"; };
		23DC73EF1D091DC900DC24F6 /* UserAccountInfo.swift */ = {isa = PBXFileReference; fileEncoding = 4; lastKnownFileType = sourcecode.swift; path = UserAccountInfo.swift; sourceTree = "<group>"; };
		23DC73F11D091ECD00DC24F6 /* TimeType.swift */ = {isa = PBXFileReference; fileEncoding = 4; lastKnownFileType = sourcecode.swift; path = TimeType.swift; sourceTree = "<group>"; };
		23DC73F31D091EE900DC24F6 /* LocationMode.swift */ = {isa = PBXFileReference; fileEncoding = 4; lastKnownFileType = sourcecode.swift; path = LocationMode.swift; sourceTree = "<group>"; };
		23DC73F51D091F0F00DC24F6 /* GenderType.swift */ = {isa = PBXFileReference; fileEncoding = 4; lastKnownFileType = sourcecode.swift; path = GenderType.swift; sourceTree = "<group>"; };
		23DC73F71D09214F00DC24F6 /* UserFriendList.swift */ = {isa = PBXFileReference; fileEncoding = 4; lastKnownFileType = sourcecode.swift; path = UserFriendList.swift; sourceTree = "<group>"; };
		23DC73FB1D09231300DC24F6 /* UserSetting.swift */ = {isa = PBXFileReference; fileEncoding = 4; lastKnownFileType = sourcecode.swift; path = UserSetting.swift; sourceTree = "<group>"; };
/* End PBXFileReference section */

/* Begin PBXFrameworksBuildPhase section */
		23DC73C61D0908CD00DC24F6 /* Frameworks */ = {
			isa = PBXFrameworksBuildPhase;
			buildActionMask = 2147483647;
			files = (
			);
			runOnlyForDeploymentPostprocessing = 0;
		};
/* End PBXFrameworksBuildPhase section */

/* Begin PBXGroup section */
		23DC73C01D0908CD00DC24F6 = {
			isa = PBXGroup;
			children = (
				23DC73CB1D0908CD00DC24F6 /* Quick9 */,
				23DC73CA1D0908CD00DC24F6 /* Products */,
			);
			sourceTree = "<group>";
		};
		23DC73CA1D0908CD00DC24F6 /* Products */ = {
			isa = PBXGroup;
			children = (
				23DC73C91D0908CD00DC24F6 /* Quick9.app */,
			);
			name = Products;
			sourceTree = "<group>";
		};
		23DC73CB1D0908CD00DC24F6 /* Quick9 */ = {
			isa = PBXGroup;
			children = (
				23DC73E01D0908FE00DC24F6 /* Controller */,
				23DC73DF1D0908F900DC24F6 /* View */,
				23DC73DE1D0908F100DC24F6 /* Model */,
				23DC73CC1D0908CD00DC24F6 /* AppDelegate.swift */,
				23DC73CE1D0908CD00DC24F6 /* ViewController.swift */,
				23DC73D01D0908CD00DC24F6 /* Main.storyboard */,
				23DC73D31D0908CD00DC24F6 /* Assets.xcassets */,
				23DC73D51D0908CD00DC24F6 /* LaunchScreen.storyboard */,
				23DC73D81D0908CD00DC24F6 /* Info.plist */,
			);
			path = Quick9;
			sourceTree = "<group>";
		};
		23DC73DE1D0908F100DC24F6 /* Model */ = {
			isa = PBXGroup;
			children = (
				23DC73FA1D0922EC00DC24F6 /* UserInfo */,
				23DC73F91D0922CE00DC24F6 /* Enum */,
				23DC73E11D090AAC00DC24F6 /* Event.swift */,
				23DC73E31D090AB700DC24F6 /* User.swift */,
				23DC73E71D09111B00DC24F6 /* Time.swift */,
			);
			name = Model;
			sourceTree = "<group>";
		};
		23DC73DF1D0908F900DC24F6 /* View */ = {
			isa = PBXGroup;
			children = (
			);
			name = View;
			sourceTree = "<group>";
		};
		23DC73E01D0908FE00DC24F6 /* Controller */ = {
			isa = PBXGroup;
			children = (
			);
			name = Controller;
			sourceTree = "<group>";
		};
		23DC73F91D0922CE00DC24F6 /* Enum */ = {
			isa = PBXGroup;
			children = (
				23DC73F11D091ECD00DC24F6 /* TimeType.swift */,
				23DC73E51D090EAC00DC24F6 /* Category.swift */,
				23DC73F31D091EE900DC24F6 /* LocationMode.swift */,
				23DC73F51D091F0F00DC24F6 /* GenderType.swift */,
			);
			name = Enum;
			sourceTree = "<group>";
		};
		23DC73FA1D0922EC00DC24F6 /* UserInfo */ = {
			isa = PBXGroup;
			children = (
				23DC73EB1D091B0900DC24F6 /* UserEventInfo.swift */,
				23DC73E91D091AEE00DC24F6 /* UserProfileInfo.swift */,
				23DC73ED1D091BE300DC24F6 /* UserLocationInfo.swift */,
				23DC73EF1D091DC900DC24F6 /* UserAccountInfo.swift */,
				23DC73F71D09214F00DC24F6 /* UserFriendList.swift */,
				23DC73FB1D09231300DC24F6 /* UserSetting.swift */,
			);
			name = UserInfo;
			sourceTree = "<group>";
		};
/* End PBXGroup section */

/* Begin PBXNativeTarget section */
		23DC73C81D0908CD00DC24F6 /* Quick9 */ = {
			isa = PBXNativeTarget;
			buildConfigurationList = 23DC73DB1D0908CD00DC24F6 /* Build configuration list for PBXNativeTarget "Quick9" */;
			buildPhases = (
				23DC73C51D0908CD00DC24F6 /* Sources */,
				23DC73C61D0908CD00DC24F6 /* Frameworks */,
				23DC73C71D0908CD00DC24F6 /* Resources */,
			);
			buildRules = (
			);
			dependencies = (
			);
			name = Quick9;
			productName = Quick9;
			productReference = 23DC73C91D0908CD00DC24F6 /* Quick9.app */;
			productType = "com.apple.product-type.application";
		};
/* End PBXNativeTarget section */

/* Begin PBXProject section */
		23DC73C11D0908CD00DC24F6 /* Project object */ = {
			isa = PBXProject;
			attributes = {
				LastSwiftUpdateCheck = 0730;
				LastUpgradeCheck = 0730;
				ORGANIZATIONNAME = LiaoPeiyu;
				TargetAttributes = {
					23DC73C81D0908CD00DC24F6 = {
						CreatedOnToolsVersion = 7.3.1;
					};
				};
			};
			buildConfigurationList = 23DC73C41D0908CD00DC24F6 /* Build configuration list for PBXProject "Quick9" */;
			compatibilityVersion = "Xcode 3.2";
			developmentRegion = English;
			hasScannedForEncodings = 0;
			knownRegions = (
				en,
				Base,
			);
			mainGroup = 23DC73C01D0908CD00DC24F6;
			productRefGroup = 23DC73CA1D0908CD00DC24F6 /* Products */;
			projectDirPath = "";
			projectRoot = "";
			targets = (
				23DC73C81D0908CD00DC24F6 /* Quick9 */,
			);
		};
/* End PBXProject section */

/* Begin PBXResourcesBuildPhase section */
		23DC73C71D0908CD00DC24F6 /* Resources */ = {
			isa = PBXResourcesBuildPhase;
			buildActionMask = 2147483647;
			files = (
				23DC73D71D0908CD00DC24F6 /* LaunchScreen.storyboard in Resources */,
				23DC73D41D0908CD00DC24F6 /* Assets.xcassets in Resources */,
				23DC73D21D0908CD00DC24F6 /* Main.storyboard in Resources */,
			);
			runOnlyForDeploymentPostprocessing = 0;
		};
/* End PBXResourcesBuildPhase section */

/* Begin PBXSourcesBuildPhase section */
		23DC73C51D0908CD00DC24F6 /* Sources */ = {
			isa = PBXSourcesBuildPhase;
			buildActionMask = 2147483647;
			files = (
				23DC73F01D091DC900DC24F6 /* UserAccountInfo.swift in Sources */,
				23DC73EA1D091AEE00DC24F6 /* UserProfileInfo.swift in Sources */,
				23DC73E81D09111B00DC24F6 /* Time.swift in Sources */,
				23DC73FC1D09231300DC24F6 /* UserSetting.swift in Sources */,
				23DC73E41D090AB700DC24F6 /* User.swift in Sources */,
				23DC73EE1D091BE300DC24F6 /* UserLocationInfo.swift in Sources */,
				23DC73F21D091ECD00DC24F6 /* TimeType.swift in Sources */,
				23DC73EC1D091B0900DC24F6 /* UserEventInfo.swift in Sources */,
				23DC73E61D090EAC00DC24F6 /* Category.swift in Sources */,
				23DC73F81D09214F00DC24F6 /* UserFriendList.swift in Sources */,
				23DC73CF1D0908CD00DC24F6 /* ViewController.swift in Sources */,
				23DC73F61D091F0F00DC24F6 /* GenderType.swift in Sources */,
				23DC73E21D090AAC00DC24F6 /* Event.swift in Sources */,
				23DC73CD1D0908CD00DC24F6 /* AppDelegate.swift in Sources */,
				23DC73F41D091EE900DC24F6 /* LocationMode.swift in Sources */,
			);
			runOnlyForDeploymentPostprocessing = 0;
		};
/* End PBXSourcesBuildPhase section */

/* Begin PBXVariantGroup section */
		23DC73D01D0908CD00DC24F6 /* Main.storyboard */ = {
			isa = PBXVariantGroup;
			children = (
				23DC73D11D0908CD00DC24F6 /* Base */,
			);
			name = Main.storyboard;
			sourceTree = "<group>";
		};
		23DC73D51D0908CD00DC24F6 /* LaunchScreen.storyboard */ = {
			isa = PBXVariantGroup;
			children = (
				23DC73D61D0908CD00DC24F6 /* Base */,
			);
			name = LaunchScreen.storyboard;
			sourceTree = "<group>";
		};
/* End PBXVariantGroup section */

/* Begin XCBuildConfiguration section */
		23DC73D91D0908CD00DC24F6 /* Debug */ = {
			isa = XCBuildConfiguration;
			buildSettings = {
				ALWAYS_SEARCH_USER_PATHS = NO;
				CLANG_ANALYZER_NONNULL = YES;
				CLANG_CXX_LANGUAGE_STANDARD = "gnu++0x";
				CLANG_CXX_LIBRARY = "libc++";
				CLANG_ENABLE_MODULES = YES;
				CLANG_ENABLE_OBJC_ARC = YES;
				CLANG_WARN_BOOL_CONVERSION = YES;
				CLANG_WARN_CONSTANT_CONVERSION = YES;
				CLANG_WARN_DIRECT_OBJC_ISA_USAGE = YES_ERROR;
				CLANG_WARN_EMPTY_BODY = YES;
				CLANG_WARN_ENUM_CONVERSION = YES;
				CLANG_WARN_INT_CONVERSION = YES;
				CLANG_WARN_OBJC_ROOT_CLASS = YES_ERROR;
				CLANG_WARN_UNREACHABLE_CODE = YES;
				CLANG_WARN__DUPLICATE_METHOD_MATCH = YES;
				"CODE_SIGN_IDENTITY[sdk=iphoneos*]" = "iPhone Developer";
				COPY_PHASE_STRIP = NO;
				DEBUG_INFORMATION_FORMAT = dwarf;
				ENABLE_STRICT_OBJC_MSGSEND = YES;
				ENABLE_TESTABILITY = YES;
				GCC_C_LANGUAGE_STANDARD = gnu99;
				GCC_DYNAMIC_NO_PIC = NO;
				GCC_NO_COMMON_BLOCKS = YES;
				GCC_OPTIMIZATION_LEVEL = 0;
				GCC_PREPROCESSOR_DEFINITIONS = (
					"DEBUG=1",
					"$(inherited)",
				);
				GCC_WARN_64_TO_32_BIT_CONVERSION = YES;
				GCC_WARN_ABOUT_RETURN_TYPE = YES_ERROR;
				GCC_WARN_UNDECLARED_SELECTOR = YES;
				GCC_WARN_UNINITIALIZED_AUTOS = YES_AGGRESSIVE;
				GCC_WARN_UNUSED_FUNCTION = YES;
				GCC_WARN_UNUSED_VARIABLE = YES;
				IPHONEOS_DEPLOYMENT_TARGET = 9.3;
				MTL_ENABLE_DEBUG_INFO = YES;
				ONLY_ACTIVE_ARCH = YES;
				SDKROOT = iphoneos;
				SWIFT_OPTIMIZATION_LEVEL = "-Onone";
				TARGETED_DEVICE_FAMILY = "1,2";
			};
			name = Debug;
		};
		23DC73DA1D0908CD00DC24F6 /* Release */ = {
			isa = XCBuildConfiguration;
			buildSettings = {
				ALWAYS_SEARCH_USER_PATHS = NO;
				CLANG_ANALYZER_NONNULL = YES;
				CLANG_CXX_LANGUAGE_STANDARD = "gnu++0x";
				CLANG_CXX_LIBRARY = "libc++";
				CLANG_ENABLE_MODULES = YES;
				CLANG_ENABLE_OBJC_ARC = YES;
				CLANG_WARN_BOOL_CONVERSION = YES;
				CLANG_WARN_CONSTANT_CONVERSION = YES;
				CLANG_WARN_DIRECT_OBJC_ISA_USAGE = YES_ERROR;
				CLANG_WARN_EMPTY_BODY = YES;
				CLANG_WARN_ENUM_CONVERSION = YES;
				CLANG_WARN_INT_CONVERSION = YES;
				CLANG_WARN_OBJC_ROOT_CLASS = YES_ERROR;
				CLANG_WARN_UNREACHABLE_CODE = YES;
				CLANG_WARN__DUPLICATE_METHOD_MATCH = YES;
				"CODE_SIGN_IDENTITY[sdk=iphoneos*]" = "iPhone Developer";
				COPY_PHASE_STRIP = NO;
				DEBUG_INFORMATION_FORMAT = "dwarf-with-dsym";
				ENABLE_NS_ASSERTIONS = NO;
				ENABLE_STRICT_OBJC_MSGSEND = YES;
				GCC_C_LANGUAGE_STANDARD = gnu99;
				GCC_NO_COMMON_BLOCKS = YES;
				GCC_WARN_64_TO_32_BIT_CONVERSION = YES;
				GCC_WARN_ABOUT_RETURN_TYPE = YES_ERROR;
				GCC_WARN_UNDECLARED_SELECTOR = YES;
				GCC_WARN_UNINITIALIZED_AUTOS = YES_AGGRESSIVE;
				GCC_WARN_UNUSED_FUNCTION = YES;
				GCC_WARN_UNUSED_VARIABLE = YES;
				IPHONEOS_DEPLOYMENT_TARGET = 9.3;
				MTL_ENABLE_DEBUG_INFO = NO;
				SDKROOT = iphoneos;
				TARGETED_DEVICE_FAMILY = "1,2";
				VALIDATE_PRODUCT = YES;
			};
			name = Release;
		};
		23DC73DC1D0908CD00DC24F6 /* Debug */ = {
			isa = XCBuildConfiguration;
			buildSettings = {
				ASSETCATALOG_COMPILER_APPICON_NAME = AppIcon;
				INFOPLIST_FILE = Quick9/Info.plist;
				LD_RUNPATH_SEARCH_PATHS = "$(inherited) @executable_path/Frameworks";
				PRODUCT_BUNDLE_IDENTIFIER = com.example.Quick9;
				PRODUCT_NAME = "$(TARGET_NAME)";
			};
			name = Debug;
		};
		23DC73DD1D0908CD00DC24F6 /* Release */ = {
			isa = XCBuildConfiguration;
			buildSettings = {
				ASSETCATALOG_COMPILER_APPICON_NAME = AppIcon;
				INFOPLIST_FILE = Quick9/Info.plist;
				LD_RUNPATH_SEARCH_PATHS = "$(inherited) @executable_path/Frameworks";
				PRODUCT_BUNDLE_IDENTIFIER = com.example.Quick9;
				PRODUCT_NAME = "$(TARGET_NAME)";
			};
			name = Release;
		};
/* End XCBuildConfiguration section */

/* Begin XCConfigurationList section */
		23DC73C41D0908CD00DC24F6 /* Build configuration list for PBXProject "Quick9" */ = {
			isa = XCConfigurationList;
			buildConfigurations = (
				23DC73D91D0908CD00DC24F6 /* Debug */,
				23DC73DA1D0908CD00DC24F6 /* Release */,
			);
			defaultConfigurationIsVisible = 0;
			defaultConfigurationName = Release;
		};
		23DC73DB1D0908CD00DC24F6 /* Build configuration list for PBXNativeTarget "Quick9" */ = {
			isa = XCConfigurationList;
			buildConfigurations = (
				23DC73DC1D0908CD00DC24F6 /* Debug */,
				23DC73DD1D0908CD00DC24F6 /* Release */,
			);
			defaultConfigurationIsVisible = 0;
		};
/* End XCConfigurationList section */
	};
	rootObject = 23DC73C11D0908CD00DC24F6 /* Project object */;
}
